
Microsoft Visual Studio Solution File, Format Version 12.00
# Visual Studio Version 16
VisualStudioVersion = 16.0.30413.136
MinimumVisualStudioVersion = 10.0.40219.1
Project("{FAE04EC0-301F-11D3-BF4B-00C04F79EFBC}") = "MyFirstApp", "MyFirstApp\MyFirstApp.csproj", "{15180F88-3981-4108-B051-1E167E62A351}"
EndProject
Global
	GlobalSection(SolutionConfigurationPlatforms) = preSolution
		Debug|Any CPU = Debug|Any CPU
		Release|Any CPU = Release|Any CPU
	EndGlobalSection
	GlobalSection(ProjectConfigurationPlatforms) = postSolution
		{15180F88-3981-4108-B051-1E167E62A351}.Debug|Any CPU.ActiveCfg = Debug|Any CPU
		{15180F88-3981-4108-B051-1E167E62A351}.Debug|Any CPU.Build.0 = Debug|Any CPU
		{15180F88-3981-4108-B051-1E167E62A351}.Release|Any CPU.ActiveCfg = Release|Any CPU
		{15180F88-3981-4108-B051-1E167E62A351}.Release|Any CPU.Build.0 = Release|Any CPU
	EndGlobalSection
	GlobalSection(SolutionProperties) = preSolution
		HideSolutionNode = FALSE
	EndGlobalSection
	GlobalSection(ExtensibilityGlobals) = postSolution
		SolutionGuid = {B5200740-6DD7-4255-A78E-72B062F76511}
	EndGlobalSection
EndGlobal
